
Microsoft Visual Studio Solution File, Format Version 12.00
# Visual Studio 15
VisualStudioVersion = 15.0.28010.2046
MinimumVisualStudioVersion = 10.0.40219.1
Project("{8BC9CEB8-8B4A-11D0-8D11-00A0C91BC942}") = "databasemerge", "databasemerge\databasemerge.vcxproj", "{216A56EB-8505-4C7C-BF33-0BC2F95DC403}"
EndProject
Global
	GlobalSection(SolutionConfigurationPlatforms) = preSolution
		Debug|x64 = Debug|x64
		Debug|x86 = Debug|x86
		Release|x64 = Release|x64
		Release|x86 = Release|x86
	EndGlobalSection
	GlobalSection(ProjectConfigurationPlatforms) = postSolution
		{216A56EB-8505-4C7C-BF33-0BC2F95DC403}.Debug|x64.ActiveCfg = Debug|x64
		{216A56EB-8505-4C7C-BF33-0BC2F95DC403}.Debug|x64.Build.0 = Debug|x64
		{216A56EB-8505-4C7C-BF33-0BC2F95DC403}.Debug|x86.ActiveCfg = Debug|Win32
		{216A56EB-8505-4C7C-BF33-0BC2F95DC403}.Debug|x86.Build.0 = Debug|Win32
		{216A56EB-8505-4C7C-BF33-0BC2F95DC403}.Release|x64.ActiveCfg = Release|x64
		{216A56EB-8505-4C7C-BF33-0BC2F95DC403}.Release|x64.Build.0 = Release|x64
		{216A56EB-8505-4C7C-BF33-0BC2F95DC403}.Release|x86.ActiveCfg = Release|Win32
		{216A56EB-8505-4C7C-BF33-0BC2F95DC403}.Release|x86.Build.0 = Release|Win32
	EndGlobalSection
	GlobalSection(SolutionProperties) = preSolution
		HideSolutionNode = FALSE
	EndGlobalSection
	GlobalSection(ExtensibilityGlobals) = postSolution
		SolutionGuid = {9603F8D6-07AB-4DCF-92EB-8A21D63779A2}
	EndGlobalSection
EndGlobal
